
Microsoft Visual Studio Solution File, Format Version 12.00
# Visual Studio Version 16
VisualStudioVersion = 16.0.810.12
MinimumVisualStudioVersion = 10.0.40219.1
Project("{FAE04EC0-301F-11D3-BF4B-00C04F79EFBC}") = "AdventOfCode", "AdventOfCode\AdventOfCode.csproj", "{0F10DF5B-B31F-44A0-B261-696E01BECD3D}"
EndProject
Global
	GlobalSection(SolutionConfigurationPlatforms) = preSolution
		Debug|Any CPU = Debug|Any CPU
		Release|Any CPU = Release|Any CPU
	EndGlobalSection
	GlobalSection(ProjectConfigurationPlatforms) = postSolution
		{0F10DF5B-B31F-44A0-B261-696E01BECD3D}.Debug|Any CPU.ActiveCfg = Debug|Any CPU
		{0F10DF5B-B31F-44A0-B261-696E01BECD3D}.Debug|Any CPU.Build.0 = Debug|Any CPU
		{0F10DF5B-B31F-44A0-B261-696E01BECD3D}.Release|Any CPU.ActiveCfg = Release|Any CPU
		{0F10DF5B-B31F-44A0-B261-696E01BECD3D}.Release|Any CPU.Build.0 = Release|Any CPU
	EndGlobalSection
	GlobalSection(SolutionProperties) = preSolution
		HideSolutionNode = FALSE
	EndGlobalSection
	GlobalSection(ExtensibilityGlobals) = postSolution
		SolutionGuid = {9E680351-2ED9-4BB8-A18E-B7FBAB8083C5}
	EndGlobalSection
EndGlobal
